{
    "_readme": [
        "This file locks the dependencies of your project to a known state",
        "Read more about it at https://getcomposer.org/doc/01-basic-usage.md#installing-dependencies",
        "This file is @generated automatically"
    ],
    "content-hash": "1343283eafbf2fc70568ac19985a2209",
    "packages": [
        {
            "name": "benjaminhoegh/parsedown-extended",
            "version": "v1.1.0",
            "source": {
                "type": "git",
                "url": "https://github.com/BenjaminHoegh/ParsedownExtended.git",
                "reference": "b738140e124c99d003dabc2bb71bed6c366157b1"
            },
            "dist": {
                "type": "zip",
                "url": "https://api.github.com/repos/BenjaminHoegh/ParsedownExtended/zipball/b738140e124c99d003dabc2bb71bed6c366157b1",
                "reference": "b738140e124c99d003dabc2bb71bed6c366157b1",
                "shasum": ""
            },
            "require": {
                "erusev/parsedown": "^1.7",
                "erusev/parsedown-extra": "^0.8.1",
                "php": ">=7.2"
            },
            "type": "library",
            "autoload": {
                "psr-0": {
                    "parsedown-extended": ""
                }
            },
            "notification-url": "https://packagist.org/downloads/",
            "license": [
                "MIT"
            ],
            "authors": [
                {
                    "name": "Benjamin Hoegh",
                    "homepage": "https://github.com/benjaminhoegh"
                }
            ],
            "description": "An extension for Parsedown.",
            "homepage": "https://github.com/benjaminhoegh/parsedown-extended",
            "keywords": [
                "Parsedown Extra",
                "markdown",
                "markdown extra",
                "parsedown",
                "parser"
            ],
            "support": {
                "issues": "https://github.com/BenjaminHoegh/ParsedownExtended/issues",
                "source": "https://github.com/BenjaminHoegh/ParsedownExtended/tree/v1.1.0"
            },
            "funding": [
                {
                    "url": "https://paypal.me/BenjaminHoegh",
                    "type": "custom"
                }
            ],
            "time": "2021-08-22T10:56:17+00:00"
        },
        {
            "name": "deeplcom/deepl-php",
            "version": "v1.6.0",
            "source": {
                "type": "git",
                "url": "https://github.com/DeepLcom/deepl-php.git",
                "reference": "2f301d555b0ef7c9dde626877e4301d0b04ba29d"
            },
            "dist": {
                "type": "zip",
                "url": "https://api.github.com/repos/DeepLcom/deepl-php/zipball/2f301d555b0ef7c9dde626877e4301d0b04ba29d",
                "reference": "2f301d555b0ef7c9dde626877e4301d0b04ba29d",
                "shasum": ""
            },
            "require": {
                "ext-curl": "*",
                "ext-json": "*",
                "ext-mbstring": "*",
                "php": ">=7.3.0",
                "php-http/discovery": "^1.18",
                "php-http/multipart-stream-builder": "^1.3",
                "psr/http-client": "^1.0",
                "psr/http-client-implementation": "*",
                "psr/http-factory-implementation": "*",
                "psr/log": "^1.1 || ^2.0 || ^3.0"
            },
            "require-dev": {
                "friendsofphp/php-cs-fixer": "^3",
                "guzzlehttp/guzzle": "^7.7.0",
                "php-mock/php-mock-phpunit": "^2.6",
                "phpunit/phpunit": "^9",
                "ramsey/uuid": "^4.2",
                "squizlabs/php_codesniffer": "^3.3"
            },
            "type": "library",
            "autoload": {
                "psr-4": {
                    "DeepL\\": "src/"
                }
            },
            "notification-url": "https://packagist.org/downloads/",
            "license": [
                "MIT"
            ],
            "authors": [
                {
                    "name": "DeepL SE",
                    "email": "open-source@deepl.com"
                }
            ],
            "description": "Official DeepL API Client Library",
            "keywords": [
                "api",
                "deepl",
                "translation",
                "translator"
            ],
            "support": {
                "issues": "https://github.com/DeepLcom/deepl-php/issues",
                "source": "https://github.com/DeepLcom/deepl-php/tree/v1.6.0"
            },
            "time": "2023-11-03T13:37:21+00:00"
        },
        {
            "name": "erusev/parsedown",
            "version": "1.7.4",
            "source": {
                "type": "git",
                "url": "https://github.com/erusev/parsedown.git",
                "reference": "cb17b6477dfff935958ba01325f2e8a2bfa6dab3"
            },
            "dist": {
                "type": "zip",
                "url": "https://api.github.com/repos/erusev/parsedown/zipball/cb17b6477dfff935958ba01325f2e8a2bfa6dab3",
                "reference": "cb17b6477dfff935958ba01325f2e8a2bfa6dab3",
                "shasum": ""
            },
            "require": {
                "ext-mbstring": "*",
                "php": ">=5.3.0"
            },
            "require-dev": {
                "phpunit/phpunit": "^4.8.35"
            },
            "type": "library",
            "autoload": {
                "psr-0": {
                    "Parsedown": ""
                }
            },
            "notification-url": "https://packagist.org/downloads/",
            "license": [
                "MIT"
            ],
            "authors": [
                {
                    "name": "Emanuil Rusev",
                    "email": "hello@erusev.com",
                    "homepage": "http://erusev.com"
                }
            ],
            "description": "Parser for Markdown.",
            "homepage": "http://parsedown.org",
            "keywords": [
                "markdown",
                "parser"
            ],
            "support": {
                "issues": "https://github.com/erusev/parsedown/issues",
                "source": "https://github.com/erusev/parsedown/tree/1.7.x"
            },
            "time": "2019-12-30T22:54:17+00:00"
        },
        {
            "name": "erusev/parsedown-extra",
            "version": "0.8.1",
            "source": {
                "type": "git",
                "url": "https://github.com/erusev/parsedown-extra.git",
                "reference": "91ac3ff98f0cea243bdccc688df43810f044dcef"
            },
            "dist": {
                "type": "zip",
                "url": "https://api.github.com/repos/erusev/parsedown-extra/zipball/91ac3ff98f0cea243bdccc688df43810f044dcef",
                "reference": "91ac3ff98f0cea243bdccc688df43810f044dcef",
                "shasum": ""
            },
            "require": {
                "erusev/parsedown": "^1.7.4"
            },
            "require-dev": {
                "phpunit/phpunit": "^4.8.35"
            },
            "type": "library",
            "autoload": {
                "psr-0": {
                    "ParsedownExtra": ""
                }
            },
            "notification-url": "https://packagist.org/downloads/",
            "license": [
                "MIT"
            ],
            "authors": [
                {
                    "name": "Emanuil Rusev",
                    "email": "hello@erusev.com",
                    "homepage": "http://erusev.com"
                }
            ],
            "description": "An extension of Parsedown that adds support for Markdown Extra.",
            "homepage": "https://github.com/erusev/parsedown-extra",
            "keywords": [
                "markdown",
                "markdown extra",
                "parsedown",
                "parser"
            ],
            "support": {
                "issues": "https://github.com/erusev/parsedown-extra/issues",
                "source": "https://github.com/erusev/parsedown-extra/tree/0.8.x"
            },
            "time": "2019-12-30T23:20:37+00:00"
        },
        {
            "name": "php-http/discovery",
            "version": "1.19.1",
            "source": {
                "type": "git",
                "url": "https://github.com/php-http/discovery.git",
                "reference": "57f3de01d32085fea20865f9b16fb0e69347c39e"
            },
            "dist": {
                "type": "zip",
                "url": "https://api.github.com/repos/php-http/discovery/zipball/57f3de01d32085fea20865f9b16fb0e69347c39e",
                "reference": "57f3de01d32085fea20865f9b16fb0e69347c39e",
                "shasum": ""
            },
            "require": {
                "composer-plugin-api": "^1.0|^2.0",
                "php": "^7.1 || ^8.0"
            },
            "conflict": {
                "nyholm/psr7": "<1.0",
                "zendframework/zend-diactoros": "*"
            },
            "provide": {
                "php-http/async-client-implementation": "*",
                "php-http/client-implementation": "*",
                "psr/http-client-implementation": "*",
                "psr/http-factory-implementation": "*",
                "psr/http-message-implementation": "*"
            },
            "require-dev": {
                "composer/composer": "^1.0.2|^2.0",
                "graham-campbell/phpspec-skip-example-extension": "^5.0",
                "php-http/httplug": "^1.0 || ^2.0",
                "php-http/message-factory": "^1.0",
                "phpspec/phpspec": "^5.1 || ^6.1 || ^7.3",
                "symfony/phpunit-bridge": "^6.2"
            },
            "type": "composer-plugin",
            "extra": {
                "class": "Http\\Discovery\\Composer\\Plugin",
                "plugin-optional": true
            },
            "autoload": {
                "psr-4": {
                    "Http\\Discovery\\": "src/"
                },
                "exclude-from-classmap": [
                    "src/Composer/Plugin.php"
                ]
            },
            "notification-url": "https://packagist.org/downloads/",
            "license": [
                "MIT"
            ],
            "authors": [
                {
                    "name": "Márk Sági-Kazár",
                    "email": "mark.sagikazar@gmail.com"
                }
            ],
            "description": "Finds and installs PSR-7, PSR-17, PSR-18 and HTTPlug implementations",
            "homepage": "http://php-http.org",
            "keywords": [
                "adapter",
                "client",
                "discovery",
                "factory",
                "http",
                "message",
                "psr17",
                "psr7"
            ],
            "support": {
                "issues": "https://github.com/php-http/discovery/issues",
                "source": "https://github.com/php-http/discovery/tree/1.19.1"
            },
            "time": "2023-07-11T07:02:26+00:00"
        },
        {
            "name": "php-http/multipart-stream-builder",
            "version": "1.3.0",
            "source": {
                "type": "git",
                "url": "https://github.com/php-http/multipart-stream-builder.git",
                "reference": "f5938fd135d9fa442cc297dc98481805acfe2b6a"
            },
            "dist": {
                "type": "zip",
                "url": "https://api.github.com/repos/php-http/multipart-stream-builder/zipball/f5938fd135d9fa442cc297dc98481805acfe2b6a",
                "reference": "f5938fd135d9fa442cc297dc98481805acfe2b6a",
                "shasum": ""
            },
            "require": {
                "php": "^7.1 || ^8.0",
                "php-http/discovery": "^1.15",
                "psr/http-factory-implementation": "^1.0"
            },
            "require-dev": {
                "nyholm/psr7": "^1.0",
                "php-http/message": "^1.5",
                "php-http/message-factory": "^1.0.2",
                "phpunit/phpunit": "^7.5.15 || ^8.5 || ^9.3"
            },
            "type": "library",
            "autoload": {
                "psr-4": {
                    "Http\\Message\\MultipartStream\\": "src/"
                }
            },
            "notification-url": "https://packagist.org/downloads/",
            "license": [
                "MIT"
            ],
            "authors": [
                {
                    "name": "Tobias Nyholm",
                    "email": "tobias.nyholm@gmail.com"
                }
            ],
            "description": "A builder class that help you create a multipart stream",
            "homepage": "http://php-http.org",
            "keywords": [
                "factory",
                "http",
                "message",
                "multipart stream",
                "stream"
            ],
            "support": {
                "issues": "https://github.com/php-http/multipart-stream-builder/issues",
                "source": "https://github.com/php-http/multipart-stream-builder/tree/1.3.0"
            },
            "time": "2023-04-28T14:10:22+00:00"
        },
        {
            "name": "psr/http-client",
            "version": "1.0.3",
            "source": {
                "type": "git",
                "url": "https://github.com/php-fig/http-client.git",
                "reference": "bb5906edc1c324c9a05aa0873d40117941e5fa90"
            },
            "dist": {
                "type": "zip",
                "url": "https://api.github.com/repos/php-fig/http-client/zipball/bb5906edc1c324c9a05aa0873d40117941e5fa90",
                "reference": "bb5906edc1c324c9a05aa0873d40117941e5fa90",
                "shasum": ""
            },
            "require": {
                "php": "^7.0 || ^8.0",
                "psr/http-message": "^1.0 || ^2.0"
            },
            "type": "library",
            "extra": {
                "branch-alias": {
                    "dev-master": "1.0.x-dev"
                }
            },
            "autoload": {
                "psr-4": {
                    "Psr\\Http\\Client\\": "src/"
                }
            },
            "notification-url": "https://packagist.org/downloads/",
            "license": [
                "MIT"
            ],
            "authors": [
                {
                    "name": "PHP-FIG",
                    "homepage": "https://www.php-fig.org/"
                }
            ],
            "description": "Common interface for HTTP clients",
            "homepage": "https://github.com/php-fig/http-client",
            "keywords": [
                "http",
                "http-client",
                "psr",
                "psr-18"
            ],
            "support": {
                "source": "https://github.com/php-fig/http-client"
            },
            "time": "2023-09-23T14:17:50+00:00"
        },
        {
            "name": "psr/http-message",
            "version": "2.0",
            "source": {
                "type": "git",
                "url": "https://github.com/php-fig/http-message.git",
                "reference": "402d35bcb92c70c026d1a6a9883f06b2ead23d71"
            },
            "dist": {
                "type": "zip",
                "url": "https://api.github.com/repos/php-fig/http-message/zipball/402d35bcb92c70c026d1a6a9883f06b2ead23d71",
                "reference": "402d35bcb92c70c026d1a6a9883f06b2ead23d71",
                "shasum": ""
            },
            "require": {
                "php": "^7.2 || ^8.0"
            },
            "type": "library",
            "extra": {
                "branch-alias": {
                    "dev-master": "2.0.x-dev"
                }
            },
            "autoload": {
                "psr-4": {
                    "Psr\\Http\\Message\\": "src/"
                }
            },
            "notification-url": "https://packagist.org/downloads/",
            "license": [
                "MIT"
            ],
            "authors": [
                {
                    "name": "PHP-FIG",
                    "homepage": "https://www.php-fig.org/"
                }
            ],
            "description": "Common interface for HTTP messages",
            "homepage": "https://github.com/php-fig/http-message",
            "keywords": [
                "http",
                "http-message",
                "psr",
                "psr-7",
                "request",
                "response"
            ],
            "support": {
                "source": "https://github.com/php-fig/http-message/tree/2.0"
            },
            "time": "2023-04-04T09:54:51+00:00"
        },
        {
            "name": "psr/log",
            "version": "1.1.4",
            "source": {
                "type": "git",
                "url": "https://github.com/php-fig/log.git",
                "reference": "d49695b909c3b7628b6289db5479a1c204601f11"
            },
            "dist": {
                "type": "zip",
                "url": "https://api.github.com/repos/php-fig/log/zipball/d49695b909c3b7628b6289db5479a1c204601f11",
                "reference": "d49695b909c3b7628b6289db5479a1c204601f11",
                "shasum": ""
            },
            "require": {
                "php": ">=5.3.0"
            },
            "type": "library",
            "extra": {
                "branch-alias": {
                    "dev-master": "1.1.x-dev"
                }
            },
            "autoload": {
                "psr-4": {
                    "Psr\\Log\\": "Psr/Log/"
                }
            },
            "notification-url": "https://packagist.org/downloads/",
            "license": [
                "MIT"
            ],
            "authors": [
                {
                    "name": "PHP-FIG",
                    "homepage": "https://www.php-fig.org/"
                }
            ],
            "description": "Common interface for logging libraries",
            "homepage": "https://github.com/php-fig/log",
            "keywords": [
                "log",
                "psr",
                "psr-3"
            ],
            "support": {
                "source": "https://github.com/php-fig/log/tree/1.1.4"
            },
            "time": "2021-05-03T11:20:27+00:00"
        }
    ],
    "packages-dev": [],
    "aliases": [],
    "minimum-stability": "stable",
    "stability-flags": [],
    "prefer-stable": false,
    "prefer-lowest": false,
    "platform": [],
    "platform-dev": [],
    "plugin-api-version": "2.6.0"
}
